// !$*UTF8*$!
{
	archiveVersion = 1;
	classes = {
	};
	objectVersion = 50;
	objects = {

/* Begin PBXBuildFile section */
		14D96ACE474A7BEA8FED5319 /* libPods-CoreDataDemo.a in Frameworks */ = {isa = PBXBuildFile; fileRef = 8FB8CE6F17D713484508ED5A /* libPods-CoreDataDemo.a */; };
		B5F25D7C2082F2E200BA50C0 /* AppDelegate.m in Sources */ = {isa = PBXBuildFile; fileRef = B5F25D7B2082F2E200BA50C0 /* AppDelegate.m */; };
		B5F25D7F2082F2E200BA50C0 /* ViewController.m in Sources */ = {isa = PBXBuildFile; fileRef = B5F25D7E2082F2E200BA50C0 /* ViewController.m */; };
		B5F25D822082F2E200BA50C0 /* Main.storyboard in Resources */ = {isa = PBXBuildFile; fileRef = B5F25D802082F2E200BA50C0 /* Main.storyboard */; };
		B5F25D842082F2EA00BA50C0 /* Assets.xcassets in Resources */ = {isa = PBXBuildFile; fileRef = B5F25D832082F2EA00BA50C0 /* Assets.xcassets */; };
		B5F25D872082F2EA00BA50C0 /* LaunchScreen.storyboard in Resources */ = {isa = PBXBuildFile; fileRef = B5F25D852082F2EA00BA50C0 /* LaunchScreen.storyboard */; };
		B5F25D8A2082F2EA00BA50C0 /* main.m in Sources */ = {isa = PBXBuildFile; fileRef = B5F25D892082F2EA00BA50C0 /* main.m */; };
		B5F25D942082F2EA00BA50C0 /* CoreDataDemoTests.m in Sources */ = {isa = PBXBuildFile; fileRef = B5F25D932082F2EA00BA50C0 /* CoreDataDemoTests.m */; };
		B5F25D9F2082F2EA00BA50C0 /* CoreDataDemoUITests.m in Sources */ = {isa = PBXBuildFile; fileRef = B5F25D9E2082F2EA00BA50C0 /* CoreDataDemoUITests.m */; };
		B5F25DAE2082F3E200BA50C0 /* FRDataManager.m in Sources */ = {isa = PBXBuildFile; fileRef = B5F25DAD2082F3E200BA50C0 /* FRDataManager.m */; };
		B5F25DB12082F67600BA50C0 /* FRModel.xcdatamodeld in Resources */ = {isa = PBXBuildFile; fileRef = B5F25DAF2082F67600BA50C0 /* FRModel.xcdatamodeld */; };
		B5F25DB62082F6BB00BA50C0 /* User+CoreDataClass.m in Sources */ = {isa = PBXBuildFile; fileRef = B5F25DB32082F6BB00BA50C0 /* User+CoreDataClass.m */; };
		B5F25DB72082F6BB00BA50C0 /* User+CoreDataProperties.m in Sources */ = {isa = PBXBuildFile; fileRef = B5F25DB52082F6BB00BA50C0 /* User+CoreDataProperties.m */; };
/* End PBXBuildFile section */

/* Begin PBXContainerItemProxy section */
		B5F25D902082F2EA00BA50C0 /* PBXContainerItemProxy */ = {
			isa = PBXContainerItemProxy;
			containerPortal = B5F25D6F2082F2E200BA50C0 /* Project object */;
			proxyType = 1;
			remoteGlobalIDString = B5F25D762082F2E200BA50C0;
			remoteInfo = CoreDataDemo;
		};
		B5F25D9B2082F2EA00BA50C0 /* PBXContainerItemProxy */ = {
			isa = PBXContainerItemProxy;
			containerPortal = B5F25D6F2082F2E200BA50C0 /* Project object */;
			proxyType = 1;
			remoteGlobalIDString = B5F25D762082F2E200BA50C0;
			remoteInfo = CoreDataDemo;
		};
/* End PBXContainerItemProxy section */

/* Begin PBXFileReference section */
		57B795B43D79B84D785949A5 /* Pods-CoreDataDemo.release.xcconfig */ = {isa = PBXFileReference; includeInIndex = 1; lastKnownFileType = text.xcconfig; name = "Pods-CoreDataDemo.release.xcconfig"; path = "Pods/Target Support Files/Pods-CoreDataDemo/Pods-CoreDataDemo.release.xcconfig"; sourceTree = "<group>"; };
		8FB8CE6F17D713484508ED5A /* libPods-CoreDataDemo.a */ = {isa = PBXFileReference; explicitFileType = archive.ar; includeInIndex = 0; path = "libPods-CoreDataDemo.a"; sourceTree = BUILT_PRODUCTS_DIR; };
		A545FF393FDDA74AF3D8B99C /* Pods-CoreDataDemo.debug.xcconfig */ = {isa = PBXFileReference; includeInIndex = 1; lastKnownFileType = text.xcconfig; name = "Pods-CoreDataDemo.debug.xcconfig"; path = "Pods/Target Support Files/Pods-CoreDataDemo/Pods-CoreDataDemo.debug.xcconfig"; sourceTree = "<group>"; };
		B5F25D772082F2E200BA50C0 /* CoreDataDemo.app */ = {isa = PBXFileReference; explicitFileType = wrapper.application; includeInIndex = 0; path = CoreDataDemo.app; sourceTree = BUILT_PRODUCTS_DIR; };
		B5F25D7A2082F2E200BA50C0 /* AppDelegate.h */ = {isa = PBXFileReference; lastKnownFileType = sourcecode.c.h; path = AppDelegate.h; sourceTree = "<group>"; };
		B5F25D7B2082F2E200BA50C0 /* AppDelegate.m */ = {isa = PBXFileReference; lastKnownFileType = sourcecode.c.objc; path = AppDelegate.m; sourceTree = "<group>"; };
		B5F25D7D2082F2E200BA50C0 /* ViewController.h */ = {isa = PBXFileReference; lastKnownFileType = sourcecode.c.h; path = ViewController.h; sourceTree = "<group>"; };
		B5F25D7E2082F2E200BA50C0 /* ViewController.m */ = {isa = PBXFileReference; lastKnownFileType = sourcecode.c.objc; path = ViewController.m; sourceTree = "<group>"; };
		B5F25D812082F2E200BA50C0 /* Base */ = {isa = PBXFileReference; lastKnownFileType = file.storyboard; name = Base; path = Base.lproj/Main.storyboard; sourceTree = "<group>"; };
		B5F25D832082F2EA00BA50C0 /* Assets.xcassets */ = {isa = PBXFileReference; lastKnownFileType = folder.assetcatalog; path = Assets.xcassets; sourceTree = "<group>"; };
		B5F25D862082F2EA00BA50C0 /* Base */ = {isa = PBXFileReference; lastKnownFileType = file.storyboard; name = Base; path = Base.lproj/LaunchScreen.storyboard; sourceTree = "<group>"; };
		B5F25D882082F2EA00BA50C0 /* Info.plist */ = {isa = PBXFileReference; lastKnownFileType = text.plist.xml; path = Info.plist; sourceTree = "<group>"; };
		B5F25D892082F2EA00BA50C0 /* main.m */ = {isa = PBXFileReference; lastKnownFileType = sourcecode.c.objc; path = main.m; sourceTree = "<group>"; };
		B5F25D8F2082F2EA00BA50C0 /* CoreDataDemoTests.xctest */ = {isa = PBXFileReference; explicitFileType = wrapper.cfbundle; includeInIndex = 0; path = CoreDataDemoTests.xctest; sourceTree = BUILT_PRODUCTS_DIR; };
		B5F25D932082F2EA00BA50C0 /* CoreDataDemoTests.m */ = {isa = PBXFileReference; lastKnownFileType = sourcecode.c.objc; path = CoreDataDemoTests.m; sourceTree = "<group>"; };
		B5F25D952082F2EA00BA50C0 /* Info.plist */ = {isa = PBXFileReference; lastKnownFileType = text.plist.xml; path = Info.plist; sourceTree = "<group>"; };
		B5F25D9A2082F2EA00BA50C0 /* CoreDataDemoUITests.xctest */ = {isa = PBXFileReference; explicitFileType = wrapper.cfbundle; includeInIndex = 0; path = CoreDataDemoUITests.xctest; sourceTree = BUILT_PRODUCTS_DIR; };
		B5F25D9E2082F2EA00BA50C0 /* CoreDataDemoUITests.m */ = {isa = PBXFileReference; lastKnownFileType = sourcecode.c.objc; path = CoreDataDemoUITests.m; sourceTree = "<group>"; };
		B5F25DA02082F2EA00BA50C0 /* Info.plist */ = {isa = PBXFileReference; lastKnownFileType = text.plist.xml; path = Info.plist; sourceTree = "<group>"; };
		B5F25DAC2082F3E200BA50C0 /* FRDataManager.h */ = {isa = PBXFileReference; lastKnownFileType = sourcecode.c.h; path = FRDataManager.h; sourceTree = "<group>"; };
		B5F25DAD2082F3E200BA50C0 /* FRDataManager.m */ = {isa = PBXFileReference; lastKnownFileType = sourcecode.c.objc; path = FRDataManager.m; sourceTree = "<group>"; };
		B5F25DB02082F67600BA50C0 /* FRModel.xcdatamodel */ = {isa = PBXFileReference; lastKnownFileType = wrapper.xcdatamodel; path = FRModel.xcdatamodel; sourceTree = "<group>"; };
		B5F25DB22082F6BB00BA50C0 /* User+CoreDataClass.h */ = {isa = PBXFileReference; lastKnownFileType = sourcecode.c.h; name = "User+CoreDataClass.h"; path = "CoreDataDemo/User+CoreDataClass.h"; sourceTree = "<group>"; };
		B5F25DB32082F6BB00BA50C0 /* User+CoreDataClass.m */ = {isa = PBXFileReference; lastKnownFileType = sourcecode.c.objc; name = "User+CoreDataClass.m"; path = "CoreDataDemo/User+CoreDataClass.m"; sourceTree = "<group>"; };
		B5F25DB42082F6BB00BA50C0 /* User+CoreDataProperties.h */ = {isa = PBXFileReference; lastKnownFileType = sourcecode.c.h; name = "User+CoreDataProperties.h"; path = "CoreDataDemo/User+CoreDataProperties.h"; sourceTree = "<group>"; };
		B5F25DB52082F6BB00BA50C0 /* User+CoreDataProperties.m */ = {isa = PBXFileReference; lastKnownFileType = sourcecode.c.objc; name = "User+CoreDataProperties.m"; path = "CoreDataDemo/User+CoreDataProperties.m"; sourceTree = "<group>"; };
/* End PBXFileReference section */

/* Begin PBXFrameworksBuildPhase section */
		B5F25D742082F2E200BA50C0 /* Frameworks */ = {
			isa = PBXFrameworksBuildPhase;
			buildActionMask = 2147483647;
			files = (
				14D96ACE474A7BEA8FED5319 /* libPods-CoreDataDemo.a in Frameworks */,
			);
			runOnlyForDeploymentPostprocessing = 0;
		};
		B5F25D8C2082F2EA00BA50C0 /* Frameworks */ = {
			isa = PBXFrameworksBuildPhase;
			buildActionMask = 2147483647;
			files = (
			);
			runOnlyForDeploymentPostprocessing = 0;
		};
		B5F25D972082F2EA00BA50C0 /* Frameworks */ = {
			isa = PBXFrameworksBuildPhase;
			buildActionMask = 2147483647;
			files = (
			);
			runOnlyForDeploymentPostprocessing = 0;
		};
/* End PBXFrameworksBuildPhase section */

/* Begin PBXGroup section */
		598AA63CDCA1FB25A77CC773 /* Frameworks */ = {
			isa = PBXGroup;
			children = (
				8FB8CE6F17D713484508ED5A /* libPods-CoreDataDemo.a */,
			);
			name = Frameworks;
			sourceTree = "<group>";
		};
		7431DC546C2EA27D21F0FE4A /* Pods */ = {
			isa = PBXGroup;
			children = (
				A545FF393FDDA74AF3D8B99C /* Pods-CoreDataDemo.debug.xcconfig */,
				57B795B43D79B84D785949A5 /* Pods-CoreDataDemo.release.xcconfig */,
			);
			name = Pods;
			sourceTree = "<group>";
		};
		B5F25D6E2082F2E200BA50C0 = {
			isa = PBXGroup;
			children = (
				B5F25DB22082F6BB00BA50C0 /* User+CoreDataClass.h */,
				B5F25DB32082F6BB00BA50C0 /* User+CoreDataClass.m */,
				B5F25DB42082F6BB00BA50C0 /* User+CoreDataProperties.h */,
				B5F25DB52082F6BB00BA50C0 /* User+CoreDataProperties.m */,
				B5F25D792082F2E200BA50C0 /* CoreDataDemo */,
				B5F25D922082F2EA00BA50C0 /* CoreDataDemoTests */,
				B5F25D9D2082F2EA00BA50C0 /* CoreDataDemoUITests */,
				B5F25D782082F2E200BA50C0 /* Products */,
				7431DC546C2EA27D21F0FE4A /* Pods */,
				598AA63CDCA1FB25A77CC773 /* Frameworks */,
			);
			sourceTree = "<group>";
		};
		B5F25D782082F2E200BA50C0 /* Products */ = {
			isa = PBXGroup;
			children = (
				B5F25D772082F2E200BA50C0 /* CoreDataDemo.app */,
				B5F25D8F2082F2EA00BA50C0 /* CoreDataDemoTests.xctest */,
				B5F25D9A2082F2EA00BA50C0 /* CoreDataDemoUITests.xctest */,
			);
			name = Products;
			sourceTree = "<group>";
		};
		B5F25D792082F2E200BA50C0 /* CoreDataDemo */ = {
			isa = PBXGroup;
			children = (
				B5F25D7A2082F2E200BA50C0 /* AppDelegate.h */,
				B5F25D7B2082F2E200BA50C0 /* AppDelegate.m */,
				B5F25D7D2082F2E200BA50C0 /* ViewController.h */,
				B5F25D7E2082F2E200BA50C0 /* ViewController.m */,
				B5F25DAC2082F3E200BA50C0 /* FRDataManager.h */,
				B5F25DAD2082F3E200BA50C0 /* FRDataManager.m */,
				B5F25DAF2082F67600BA50C0 /* FRModel.xcdatamodeld */,
				B5F25D802082F2E200BA50C0 /* Main.storyboard */,
				B5F25D832082F2EA00BA50C0 /* Assets.xcassets */,
				B5F25D852082F2EA00BA50C0 /* LaunchScreen.storyboard */,
				B5F25D882082F2EA00BA50C0 /* Info.plist */,
				B5F25D892082F2EA00BA50C0 /* main.m */,
			);
			path = CoreDataDemo;
			sourceTree = "<group>";
		};
		B5F25D922082F2EA00BA50C0 /* CoreDataDemoTests */ = {
			isa = PBXGroup;
			children = (
				B5F25D932082F2EA00BA50C0 /* CoreDataDemoTests.m */,
				B5F25D952082F2EA00BA50C0 /* Info.plist */,
			);
			path = CoreDataDemoTests;
			sourceTree = "<group>";
		};
		B5F25D9D2082F2EA00BA50C0 /* CoreDataDemoUITests */ = {
			isa = PBXGroup;
			children = (
				B5F25D9E2082F2EA00BA50C0 /* CoreDataDemoUITests.m */,
				B5F25DA02082F2EA00BA50C0 /* Info.plist */,
			);
			path = CoreDataDemoUITests;
			sourceTree = "<group>";
		};
/* End PBXGroup section */

/* Begin PBXNativeTarget section */
		B5F25D762082F2E200BA50C0 /* CoreDataDemo */ = {
			isa = PBXNativeTarget;
			buildConfigurationList = B5F25DA32082F2EA00BA50C0 /* Build configuration list for PBXNativeTarget "CoreDataDemo" */;
			buildPhases = (
				5DC8022CE0E6AACA3F4D25A5 /* [CP] Check Pods Manifest.lock */,
				B5F25D732082F2E200BA50C0 /* Sources */,
				B5F25D742082F2E200BA50C0 /* Frameworks */,
				B5F25D752082F2E200BA50C0 /* Resources */,
			);
			buildRules = (
			);
			dependencies = (
			);
			name = CoreDataDemo;
			productName = CoreDataDemo;
			productReference = B5F25D772082F2E200BA50C0 /* CoreDataDemo.app */;
			productType = "com.apple.product-type.application";
		};
		B5F25D8E2082F2EA00BA50C0 /* CoreDataDemoTests */ = {
			isa = PBXNativeTarget;
			buildConfigurationList = B5F25DA62082F2EA00BA50C0 /* Build configuration list for PBXNativeTarget "CoreDataDemoTests" */;
			buildPhases = (
				B5F25D8B2082F2EA00BA50C0 /* Sources */,
				B5F25D8C2082F2EA00BA50C0 /* Frameworks */,
				B5F25D8D2082F2EA00BA50C0 /* Resources */,
			);
			buildRules = (
			);
			dependencies = (
				B5F25D912082F2EA00BA50C0 /* PBXTargetDependency */,
			);
			name = CoreDataDemoTests;
			productName = CoreDataDemoTests;
			productReference = B5F25D8F2082F2EA00BA50C0 /* CoreDataDemoTests.xctest */;
			productType = "com.apple.product-type.bundle.unit-test";
		};
		B5F25D992082F2EA00BA50C0 /* CoreDataDemoUITests */ = {
			isa = PBXNativeTarget;
			buildConfigurationList = B5F25DA92082F2EA00BA50C0 /* Build configuration list for PBXNativeTarget "CoreDataDemoUITests" */;
			buildPhases = (
				B5F25D962082F2EA00BA50C0 /* Sources */,
				B5F25D972082F2EA00BA50C0 /* Frameworks */,
				B5F25D982082F2EA00BA50C0 /* Resources */,
			);
			buildRules = (
			);
			dependencies = (
				B5F25D9C2082F2EA00BA50C0 /* PBXTargetDependency */,
			);
			name = CoreDataDemoUITests;
			productName = CoreDataDemoUITests;
			productReference = B5F25D9A2082F2EA00BA50C0 /* CoreDataDemoUITests.xctest */;
			productType = "com.apple.product-type.bundle.ui-testing";
		};
/* End PBXNativeTarget section */

/* Begin PBXProject section */
		B5F25D6F2082F2E200BA50C0 /* Project object */ = {
			isa = PBXProject;
			attributes = {
				LastUpgradeCheck = 0930;
				ORGANIZATIONNAME = "Fan's iMac";
				TargetAttributes = {
					B5F25D762082F2E200BA50C0 = {
						CreatedOnToolsVersion = 9.3;
					};
					B5F25D8E2082F2EA00BA50C0 = {
						CreatedOnToolsVersion = 9.3;
						TestTargetID = B5F25D762082F2E200BA50C0;
					};
					B5F25D992082F2EA00BA50C0 = {
						CreatedOnToolsVersion = 9.3;
						TestTargetID = B5F25D762082F2E200BA50C0;
					};
				};
			};
			buildConfigurationList = B5F25D722082F2E200BA50C0 /* Build configuration list for PBXProject "CoreDataDemo" */;
			compatibilityVersion = "Xcode 9.3";
			developmentRegion = en;
			hasScannedForEncodings = 0;
			knownRegions = (
				en,
				Base,
			);
			mainGroup = B5F25D6E2082F2E200BA50C0;
			productRefGroup = B5F25D782082F2E200BA50C0 /* Products */;
			projectDirPath = "";
			projectRoot = "";
			targets = (
				B5F25D762082F2E200BA50C0 /* CoreDataDemo */,
				B5F25D8E2082F2EA00BA50C0 /* CoreDataDemoTests */,
				B5F25D992082F2EA00BA50C0 /* CoreDataDemoUITests */,
			);
		};
/* End PBXProject section */

/* Begin PBXResourcesBuildPhase section */
		B5F25D752082F2E200BA50C0 /* Resources */ = {
			isa = PBXResourcesBuildPhase;
			buildActionMask = 2147483647;
			files = (
				B5F25DB12082F67600BA50C0 /* FRModel.xcdatamodeld in Resources */,
				B5F25D872082F2EA00BA50C0 /* LaunchScreen.storyboard in Resources */,
				B5F25D842082F2EA00BA50C0 /* Assets.xcassets in Resources */,
				B5F25D822082F2E200BA50C0 /* Main.storyboard in Resources */,
			);
			runOnlyForDeploymentPostprocessing = 0;
		};
		B5F25D8D2082F2EA00BA50C0 /* Resources */ = {
			isa = PBXResourcesBuildPhase;
			buildActionMask = 2147483647;
			files = (
			);
			runOnlyForDeploymentPostprocessing = 0;
		};
		B5F25D982082F2EA00BA50C0 /* Resources */ = {
			isa = PBXResourcesBuildPhase;
			buildActionMask = 2147483647;
			files = (
			);
			runOnlyForDeploymentPostprocessing = 0;
		};
/* End PBXResourcesBuildPhase section */

/* Begin PBXShellScriptBuildPhase section */
		5DC8022CE0E6AACA3F4D25A5 /* [CP] Check Pods Manifest.lock */ = {
			isa = PBXShellScriptBuildPhase;
			buildActionMask = 2147483647;
			files = (
			);
			inputPaths = (
				"${PODS_PODFILE_DIR_PATH}/Podfile.lock",
				"${PODS_ROOT}/Manifest.lock",
			);
			name = "[CP] Check Pods Manifest.lock";
			outputPaths = (
				"$(DERIVED_FILE_DIR)/Pods-CoreDataDemo-checkManifestLockResult.txt",
			);
			runOnlyForDeploymentPostprocessing = 0;
			shellPath = /bin/sh;
			shellScript = "diff \"${PODS_PODFILE_DIR_PATH}/Podfile.lock\" \"${PODS_ROOT}/Manifest.lock\" > /dev/null\nif [ $? != 0 ] ; then\n    # print error to STDERR\n    echo \"error: The sandbox is not in sync with the Podfile.lock. Run 'pod install' or update your CocoaPods installation.\" >&2\n    exit 1\nfi\n# This output is used by Xcode 'outputs' to avoid re-running this script phase.\necho \"SUCCESS\" > \"${SCRIPT_OUTPUT_FILE_0}\"\n";
			showEnvVarsInLog = 0;
		};
/* End PBXShellScriptBuildPhase section */

/* Begin PBXSourcesBuildPhase section */
		B5F25D732082F2E200BA50C0 /* Sources */ = {
			isa = PBXSourcesBuildPhase;
			buildActionMask = 2147483647;
			files = (
				B5F25DB72082F6BB00BA50C0 /* User+CoreDataProperties.m in Sources */,
				B5F25DB62082F6BB00BA50C0 /* User+CoreDataClass.m in Sources */,
				B5F25D7F2082F2E200BA50C0 /* ViewController.m in Sources */,
				B5F25D8A2082F2EA00BA50C0 /* main.m in Sources */,
				B5F25D7C2082F2E200BA50C0 /* AppDelegate.m in Sources */,
				B5F25DAE2082F3E200BA50C0 /* FRDataManager.m in Sources */,
			);
			runOnlyForDeploymentPostprocessing = 0;
		};
		B5F25D8B2082F2EA00BA50C0 /* Sources */ = {
			isa = PBXSourcesBuildPhase;
			buildActionMask = 2147483647;
			files = (
				B5F25D942082F2EA00BA50C0 /* CoreDataDemoTests.m in Sources */,
			);
			runOnlyForDeploymentPostprocessing = 0;
		};
		B5F25D962082F2EA00BA50C0 /* Sources */ = {
			isa = PBXSourcesBuildPhase;
			buildActionMask = 2147483647;
			files = (
				B5F25D9F2082F2EA00BA50C0 /* CoreDataDemoUITests.m in Sources */,
			);
			runOnlyForDeploymentPostprocessing = 0;
		};
/* End PBXSourcesBuildPhase section */

/* Begin PBXTargetDependency section */
		B5F25D912082F2EA00BA50C0 /* PBXTargetDependency */ = {
			isa = PBXTargetDependency;
			target = B5F25D762082F2E200BA50C0 /* CoreDataDemo */;
			targetProxy = B5F25D902082F2EA00BA50C0 /* PBXContainerItemProxy */;
		};
		B5F25D9C2082F2EA00BA50C0 /* PBXTargetDependency */ = {
			isa = PBXTargetDependency;
			target = B5F25D762082F2E200BA50C0 /* CoreDataDemo */;
			targetProxy = B5F25D9B2082F2EA00BA50C0 /* PBXContainerItemProxy */;
		};
/* End PBXTargetDependency section */

/* Begin PBXVariantGroup section */
		B5F25D802082F2E200BA50C0 /* Main.storyboard */ = {
			isa = PBXVariantGroup;
			children = (
				B5F25D812082F2E200BA50C0 /* Base */,
			);
			name = Main.storyboard;
			sourceTree = "<group>";
		};
		B5F25D852082F2EA00BA50C0 /* LaunchScreen.storyboard */ = {
			isa = PBXVariantGroup;
			children = (
				B5F25D862082F2EA00BA50C0 /* Base */,
			);
			name = LaunchScreen.storyboard;
			sourceTree = "<group>";
		};
/* End PBXVariantGroup section */

/* Begin XCBuildConfiguration section */
		B5F25DA12082F2EA00BA50C0 /* Debug */ = {
			isa = XCBuildConfiguration;
			buildSettings = {
				ALWAYS_SEARCH_USER_PATHS = NO;
				CLANG_ANALYZER_NONNULL = YES;
				CLANG_ANALYZER_NUMBER_OBJECT_CONVERSION = YES_AGGRESSIVE;
				CLANG_CXX_LANGUAGE_STANDARD = "gnu++14";
				CLANG_CXX_LIBRARY = "libc++";
				CLANG_ENABLE_MODULES = YES;
				CLANG_ENABLE_OBJC_ARC = YES;
				CLANG_ENABLE_OBJC_WEAK = YES;
				CLANG_WARN_BLOCK_CAPTURE_AUTORELEASING = YES;
				CLANG_WARN_BOOL_CONVERSION = YES;
				CLANG_WARN_COMMA = YES;
				CLANG_WARN_CONSTANT_CONVERSION = YES;
				CLANG_WARN_DEPRECATED_OBJC_IMPLEMENTATIONS = YES;
				CLANG_WARN_DIRECT_OBJC_ISA_USAGE = YES_ERROR;
				CLANG_WARN_DOCUMENTATION_COMMENTS = YES;
				CLANG_WARN_EMPTY_BODY = YES;
				CLANG_WARN_ENUM_CONVERSION = YES;
				CLANG_WARN_INFINITE_RECURSION = YES;
				CLANG_WARN_INT_CONVERSION = YES;
				CLANG_WARN_NON_LITERAL_NULL_CONVERSION = YES;
				CLANG_WARN_OBJC_IMPLICIT_RETAIN_SELF = YES;
				CLANG_WARN_OBJC_LITERAL_CONVERSION = YES;
				CLANG_WARN_OBJC_ROOT_CLASS = YES_ERROR;
				CLANG_WARN_RANGE_LOOP_ANALYSIS = YES;
				CLANG_WARN_STRICT_PROTOTYPES = YES;
				CLANG_WARN_SUSPICIOUS_MOVE = YES;
				CLANG_WARN_UNGUARDED_AVAILABILITY = YES_AGGRESSIVE;
				CLANG_WARN_UNREACHABLE_CODE = YES;
				CLANG_WARN__DUPLICATE_METHOD_MATCH = YES;
				CODE_SIGN_IDENTITY = "iPhone Developer";
				COPY_PHASE_STRIP = NO;
				DEBUG_INFORMATION_FORMAT = dwarf;
				ENABLE_STRICT_OBJC_MSGSEND = YES;
				ENABLE_TESTABILITY = YES;
				GCC_C_LANGUAGE_STANDARD = gnu11;
				GCC_DYNAMIC_NO_PIC = NO;
				GCC_NO_COMMON_BLOCKS = YES;
				GCC_OPTIMIZATION_LEVEL = 0;
				GCC_PREPROCESSOR_DEFINITIONS = (
					"DEBUG=1",
					"$(inherited)",
				);
				GCC_WARN_64_TO_32_BIT_CONVERSION = YES;
				GCC_WARN_ABOUT_RETURN_TYPE = YES_ERROR;
				GCC_WARN_UNDECLARED_SELECTOR = YES;
				GCC_WARN_UNINITIALIZED_AUTOS = YES_AGGRESSIVE;
				GCC_WARN_UNUSED_FUNCTION = YES;
				GCC_WARN_UNUSED_VARIABLE = YES;
				IPHONEOS_DEPLOYMENT_TARGET = 11.3;
				MTL_ENABLE_DEBUG_INFO = YES;
				ONLY_ACTIVE_ARCH = YES;
				SDKROOT = iphoneos;
			};
			name = Debug;
		};
		B5F25DA22082F2EA00BA50C0 /* Release */ = {
			isa = XCBuildConfiguration;
			buildSettings = {
				ALWAYS_SEARCH_USER_PATHS = NO;
				CLANG_ANALYZER_NONNULL = YES;
				CLANG_ANALYZER_NUMBER_OBJECT_CONVERSION = YES_AGGRESSIVE;
				CLANG_CXX_LANGUAGE_STANDARD = "gnu++14";
				CLANG_CXX_LIBRARY = "libc++";
				CLANG_ENABLE_MODULES = YES;
				CLANG_ENABLE_OBJC_ARC = YES;
				CLANG_ENABLE_OBJC_WEAK = YES;
				CLANG_WARN_BLOCK_CAPTURE_AUTORELEASING = YES;
				CLANG_WARN_BOOL_CONVERSION = YES;
				CLANG_WARN_COMMA = YES;
				CLANG_WARN_CONSTANT_CONVERSION = YES;
				CLANG_WARN_DEPRECATED_OBJC_IMPLEMENTATIONS = YES;
				CLANG_WARN_DIRECT_OBJC_ISA_USAGE = YES_ERROR;
				CLANG_WARN_DOCUMENTATION_COMMENTS = YES;
				CLANG_WARN_EMPTY_BODY = YES;
				CLANG_WARN_ENUM_CONVERSION = YES;
				CLANG_WARN_INFINITE_RECURSION = YES;
				CLANG_WARN_INT_CONVERSION = YES;
				CLANG_WARN_NON_LITERAL_NULL_CONVERSION = YES;
				CLANG_WARN_OBJC_IMPLICIT_RETAIN_SELF = YES;
				CLANG_WARN_OBJC_LITERAL_CONVERSION = YES;
				CLANG_WARN_OBJC_ROOT_CLASS = YES_ERROR;
				CLANG_WARN_RANGE_LOOP_ANALYSIS = YES;
				CLANG_WARN_STRICT_PROTOTYPES = YES;
				CLANG_WARN_SUSPICIOUS_MOVE = YES;
				CLANG_WARN_UNGUARDED_AVAILABILITY = YES_AGGRESSIVE;
				CLANG_WARN_UNREACHABLE_CODE = YES;
				CLANG_WARN__DUPLICATE_METHOD_MATCH = YES;
				CODE_SIGN_IDENTITY = "iPhone Developer";
				COPY_PHASE_STRIP = NO;
				DEBUG_INFORMATION_FORMAT = "dwarf-with-dsym";
				ENABLE_NS_ASSERTIONS = NO;
				ENABLE_STRICT_OBJC_MSGSEND = YES;
				GCC_C_LANGUAGE_STANDARD = gnu11;
				GCC_NO_COMMON_BLOCKS = YES;
				GCC_WARN_64_TO_32_BIT_CONVERSION = YES;
				GCC_WARN_ABOUT_RETURN_TYPE = YES_ERROR;
				GCC_WARN_UNDECLARED_SELECTOR = YES;
				GCC_WARN_UNINITIALIZED_AUTOS = YES_AGGRESSIVE;
				GCC_WARN_UNUSED_FUNCTION = YES;
				GCC_WARN_UNUSED_VARIABLE = YES;
				IPHONEOS_DEPLOYMENT_TARGET = 11.3;
				MTL_ENABLE_DEBUG_INFO = NO;
				SDKROOT = iphoneos;
				VALIDATE_PRODUCT = YES;
			};
			name = Release;
		};
		B5F25DA42082F2EA00BA50C0 /* Debug */ = {
			isa = XCBuildConfiguration;
			baseConfigurationReference = A545FF393FDDA74AF3D8B99C /* Pods-CoreDataDemo.debug.xcconfig */;
			buildSettings = {
				ASSETCATALOG_COMPILER_APPICON_NAME = AppIcon;
				CODE_SIGN_STYLE = Automatic;
				DEVELOPMENT_TEAM = DZQ5YNVEU2;
				INFOPLIST_FILE = CoreDataDemo/Info.plist;
				LD_RUNPATH_SEARCH_PATHS = "$(inherited) @executable_path/Frameworks";
				PRODUCT_BUNDLE_IDENTIFIER = Frank.CoreDataDemo;
				PRODUCT_NAME = "$(TARGET_NAME)";
				TARGETED_DEVICE_FAMILY = "1,2";
			};
			name = Debug;
		};
		B5F25DA52082F2EA00BA50C0 /* Release */ = {
			isa = XCBuildConfiguration;
			baseConfigurationReference = 57B795B43D79B84D785949A5 /* Pods-CoreDataDemo.release.xcconfig */;
			buildSettings = {
				ASSETCATALOG_COMPILER_APPICON_NAME = AppIcon;
				CODE_SIGN_STYLE = Automatic;
				DEVELOPMENT_TEAM = DZQ5YNVEU2;
				INFOPLIST_FILE = CoreDataDemo/Info.plist;
				LD_RUNPATH_SEARCH_PATHS = "$(inherited) @executable_path/Frameworks";
				PRODUCT_BUNDLE_IDENTIFIER = Frank.CoreDataDemo;
				PRODUCT_NAME = "$(TARGET_NAME)";
				TARGETED_DEVICE_FAMILY = "1,2";
			};
			name = Release;
		};
		B5F25DA72082F2EA00BA50C0 /* Debug */ = {
			isa = XCBuildConfiguration;
			buildSettings = {
				BUNDLE_LOADER = "$(TEST_HOST)";
				CODE_SIGN_STYLE = Automatic;
				DEVELOPMENT_TEAM = DZQ5YNVEU2;
				INFOPLIST_FILE = CoreDataDemoTests/Info.plist;
				LD_RUNPATH_SEARCH_PATHS = "$(inherited) @executable_path/Frameworks @loader_path/Frameworks";
				PRODUCT_BUNDLE_IDENTIFIER = Frank.CoreDataDemoTests;
				PRODUCT_NAME = "$(TARGET_NAME)";
				TARGETED_DEVICE_FAMILY = "1,2";
				TEST_HOST = "$(BUILT_PRODUCTS_DIR)/CoreDataDemo.app/CoreDataDemo";
			};
			name = Debug;
		};
		B5F25DA82082F2EA00BA50C0 /* Release */ = {
			isa = XCBuildConfiguration;
			buildSettings = {
				BUNDLE_LOADER = "$(TEST_HOST)";
				CODE_SIGN_STYLE = Automatic;
				DEVELOPMENT_TEAM = DZQ5YNVEU2;
				INFOPLIST_FILE = CoreDataDemoTests/Info.plist;
				LD_RUNPATH_SEARCH_PATHS = "$(inherited) @executable_path/Frameworks @loader_path/Frameworks";
				PRODUCT_BUNDLE_IDENTIFIER = Frank.CoreDataDemoTests;
				PRODUCT_NAME = "$(TARGET_NAME)";
				TARGETED_DEVICE_FAMILY = "1,2";
				TEST_HOST = "$(BUILT_PRODUCTS_DIR)/CoreDataDemo.app/CoreDataDemo";
			};
			name = Release;
		};
		B5F25DAA2082F2EA00BA50C0 /* Debug */ = {
			isa = XCBuildConfiguration;
			buildSettings = {
				CODE_SIGN_STYLE = Automatic;
				DEVELOPMENT_TEAM = DZQ5YNVEU2;
				INFOPLIST_FILE = CoreDataDemoUITests/Info.plist;
				LD_RUNPATH_SEARCH_PATHS = "$(inherited) @executable_path/Frameworks @loader_path/Frameworks";
				PRODUCT_BUNDLE_IDENTIFIER = Frank.CoreDataDemoUITests;
				PRODUCT_NAME = "$(TARGET_NAME)";
				TARGETED_DEVICE_FAMILY = "1,2";
				TEST_TARGET_NAME = CoreDataDemo;
			};
			name = Debug;
		};
		B5F25DAB2082F2EA00BA50C0 /* Release */ = {
			isa = XCBuildConfiguration;
			buildSettings = {
				CODE_SIGN_STYLE = Automatic;
				DEVELOPMENT_TEAM = DZQ5YNVEU2;
				INFOPLIST_FILE = CoreDataDemoUITests/Info.plist;
				LD_RUNPATH_SEARCH_PATHS = "$(inherited) @executable_path/Frameworks @loader_path/Frameworks";
				PRODUCT_BUNDLE_IDENTIFIER = Frank.CoreDataDemoUITests;
				PRODUCT_NAME = "$(TARGET_NAME)";
				TARGETED_DEVICE_FAMILY = "1,2";
				TEST_TARGET_NAME = CoreDataDemo;
			};
			name = Release;
		};
/* End XCBuildConfiguration section */

/* Begin XCConfigurationList section */
		B5F25D722082F2E200BA50C0 /* Build configuration list for PBXProject "CoreDataDemo" */ = {
			isa = XCConfigurationList;
			buildConfigurations = (
				B5F25DA12082F2EA00BA50C0 /* Debug */,
				B5F25DA22082F2EA00BA50C0 /* Release */,
			);
			defaultConfigurationIsVisible = 0;
			defaultConfigurationName = Release;
		};
		B5F25DA32082F2EA00BA50C0 /* Build configuration list for PBXNativeTarget "CoreDataDemo" */ = {
			isa = XCConfigurationList;
			buildConfigurations = (
				B5F25DA42082F2EA00BA50C0 /* Debug */,
				B5F25DA52082F2EA00BA50C0 /* Release */,
			);
			defaultConfigurationIsVisible = 0;
			defaultConfigurationName = Release;
		};
		B5F25DA62082F2EA00BA50C0 /* Build configuration list for PBXNativeTarget "CoreDataDemoTests" */ = {
			isa = XCConfigurationList;
			buildConfigurations = (
				B5F25DA72082F2EA00BA50C0 /* Debug */,
				B5F25DA82082F2EA00BA50C0 /* Release */,
			);
			defaultConfigurationIsVisible = 0;
			defaultConfigurationName = Release;
		};
		B5F25DA92082F2EA00BA50C0 /* Build configuration list for PBXNativeTarget "CoreDataDemoUITests" */ = {
			isa = XCConfigurationList;
			buildConfigurations = (
				B5F25DAA2082F2EA00BA50C0 /* Debug */,
				B5F25DAB2082F2EA00BA50C0 /* Release */,
			);
			defaultConfigurationIsVisible = 0;
			defaultConfigurationName = Release;
		};
/* End XCConfigurationList section */

/* Begin XCVersionGroup section */
		B5F25DAF2082F67600BA50C0 /* FRModel.xcdatamodeld */ = {
			isa = XCVersionGroup;
			children = (
				B5F25DB02082F67600BA50C0 /* FRModel.xcdatamodel */,
			);
			currentVersion = B5F25DB02082F67600BA50C0 /* FRModel.xcdatamodel */;
			path = FRModel.xcdatamodeld;
			sourceTree = "<group>";
			versionGroupType = wrapper.xcdatamodel;
		};
/* End XCVersionGroup section */
	};
	rootObject = B5F25D6F2082F2E200BA50C0 /* Project object */;
}
